
Microsoft Visual Studio Solution File, Format Version 12.00
# Visual Studio Version 16
VisualStudioVersion = 16.0.31025.194
MinimumVisualStudioVersion = 10.0.40219.1
Project("{888888A0-9F3D-457C-B088-3A5042F75D52}") = "MongoDBandPython", "MongoDBandPython.pyproj", "{1A1CE24A-402E-49FE-9F73-7CC99CB05E00}"
EndProject
Global
	GlobalSection(SolutionConfigurationPlatforms) = preSolution
		Debug|Any CPU = Debug|Any CPU
		Release|Any CPU = Release|Any CPU
	EndGlobalSection
	GlobalSection(ProjectConfigurationPlatforms) = postSolution
		{1A1CE24A-402E-49FE-9F73-7CC99CB05E00}.Debug|Any CPU.ActiveCfg = Debug|Any CPU
		{1A1CE24A-402E-49FE-9F73-7CC99CB05E00}.Release|Any CPU.ActiveCfg = Release|Any CPU
	EndGlobalSection
	GlobalSection(SolutionProperties) = preSolution
		HideSolutionNode = FALSE
	EndGlobalSection
	GlobalSection(ExtensibilityGlobals) = postSolution
		SolutionGuid = {56C81C34-E6DD-415B-85C0-5793357FAF80}
	EndGlobalSection
EndGlobal
